Microsoft Visual Studio Solution File, Format Version 12.00
# Visual Studio Version 17
VisualStudioVersion = 17.0.31903.59
MinimumVisualStudioVersion = 10.0.40219.1
Project("{FAE04EC0-301F-11D3-BF4B-00C04F79EFBC}") = "SamsungController.Core", "src\SamsungController.Core\SamsungController.Core.csproj", "{0D9DB92F-A1D7-4E3A-A531-198B5F49BBE1}"
EndProject
Project("{FAE04EC0-301F-11D3-BF4B-00C04F79EFBC}") = "SamsungController.Cli", "src\SamsungController.Cli\SamsungController.Cli.csproj", "{E49C81B5-BE9A-4804-A810-3574E0D66EC6}"
EndProject
Project("{FAE04EC0-301F-11D3-BF4B-00C04F79EFBC}") = "SamsungController.Core.Tests", "tests\SamsungController.Core.Tests\SamsungController.Core.Tests.csproj", "{D3D0A8F0-2AD2-4F05-AF9C-0F364BD5288D}"
EndProject
Project("{FAE04EC0-301F-11D3-BF4B-00C04F79EFBC}") = "SamsungController.Cli.Tests", "tests\SamsungController.Cli.Tests\SamsungController.Cli.Tests.csproj", "{AEB6D3B1-3C2C-4F75-A760-7F05CDE8A2BA}"
EndProject
Project("{FAE04EC0-301F-11D3-BF4B-00C04F79EFBC}") = "SamsungController.Automation", "src\SamsungController.Automation\SamsungController.Automation.csproj", "{62F91839-7E40-43C9-95AF-BC09BA72D460}"
EndProject
Project("{FAE04EC0-301F-11D3-BF4B-00C04F79EFBC}") = "SamsungController.Automation.Tests", "tests\SamsungController.Automation.Tests\SamsungController.Automation.Tests.csproj", "{4DA591B6-2327-4674-9D5C-E4332B9DCA01}"
EndProject
Project("{FAE04EC0-301F-11D3-BF4B-00C04F79EFBC}") = "SamsungController.Web", "src\SamsungController.Web\SamsungController.Web.csproj", "{62C8E4C3-F462-48A3-8A85-68A50120C620}"
EndProject
Project("{FAE04EC0-301F-11D3-BF4B-00C04F79EFBC}") = "SamsungController.Web.Tests", "tests\SamsungController.Web.Tests\SamsungController.Web.Tests.csproj", "{50AF20D2-9D63-49C1-A0A0-2AC619F7CB77}"
EndProject
Global
	GlobalSection(SolutionConfigurationPlatforms) = preSolution
		Debug|Any CPU = Debug|Any CPU
		Release|Any CPU = Release|Any CPU
	EndGlobalSection
	GlobalSection(ProjectConfigurationPlatforms) = postSolution
		{0D9DB92F-A1D7-4E3A-A531-198B5F49BBE1}.Debug|Any CPU.ActiveCfg = Debug|Any CPU
		{0D9DB92F-A1D7-4E3A-A531-198B5F49BBE1}.Debug|Any CPU.Build.0 = Debug|Any CPU
		{0D9DB92F-A1D7-4E3A-A531-198B5F49BBE1}.Release|Any CPU.ActiveCfg = Release|Any CPU
		{0D9DB92F-A1D7-4E3A-A531-198B5F49BBE1}.Release|Any CPU.Build.0 = Release|Any CPU
		{E49C81B5-BE9A-4804-A810-3574E0D66EC6}.Debug|Any CPU.ActiveCfg = Debug|Any CPU
		{E49C81B5-BE9A-4804-A810-3574E0D66EC6}.Debug|Any CPU.Build.0 = Debug|Any CPU
		{E49C81B5-BE9A-4804-A810-3574E0D66EC6}.Release|Any CPU.ActiveCfg = Release|Any CPU
		{E49C81B5-BE9A-4804-A810-3574E0D66EC6}.Release|Any CPU.Build.0 = Release|Any CPU
		{D3D0A8F0-2AD2-4F05-AF9C-0F364BD5288D}.Debug|Any CPU.ActiveCfg = Debug|Any CPU
		{D3D0A8F0-2AD2-4F05-AF9C-0F364BD5288D}.Debug|Any CPU.Build.0 = Debug|Any CPU
		{D3D0A8F0-2AD2-4F05-AF9C-0F364BD5288D}.Release|Any CPU.ActiveCfg = Release|Any CPU
		{D3D0A8F0-2AD2-4F05-AF9C-0F364BD5288D}.Release|Any CPU.Build.0 = Release|Any CPU
		{AEB6D3B1-3C2C-4F75-A760-7F05CDE8A2BA}.Debug|Any CPU.ActiveCfg = Debug|Any CPU
		{AEB6D3B1-3C2C-4F75-A760-7F05CDE8A2BA}.Debug|Any CPU.Build.0 = Debug|Any CPU
		{AEB6D3B1-3C2C-4F75-A760-7F05CDE8A2BA}.Release|Any CPU.ActiveCfg = Release|Any CPU
		{AEB6D3B1-3C2C-4F75-A760-7F05CDE8A2BA}.Release|Any CPU.Build.0 = Release|Any CPU
		{62F91839-7E40-43C9-95AF-BC09BA72D460}.Debug|Any CPU.ActiveCfg = Debug|Any CPU
		{62F91839-7E40-43C9-95AF-BC09BA72D460}.Debug|Any CPU.Build.0 = Debug|Any CPU
		{62F91839-7E40-43C9-95AF-BC09BA72D460}.Release|Any CPU.ActiveCfg = Release|Any CPU
		{62F91839-7E40-43C9-95AF-BC09BA72D460}.Release|Any CPU.Build.0 = Release|Any CPU
		{4DA591B6-2327-4674-9D5C-E4332B9DCA01}.Debug|Any CPU.ActiveCfg = Debug|Any CPU
		{4DA591B6-2327-4674-9D5C-E4332B9DCA01}.Debug|Any CPU.Build.0 = Debug|Any CPU
		{4DA591B6-2327-4674-9D5C-E4332B9DCA01}.Release|Any CPU.ActiveCfg = Release|Any CPU
		{4DA591B6-2327-4674-9D5C-E4332B9DCA01}.Release|Any CPU.Build.0 = Release|Any CPU
		{62C8E4C3-F462-48A3-8A85-68A50120C620}.Debug|Any CPU.ActiveCfg = Debug|Any CPU
		{62C8E4C3-F462-48A3-8A85-68A50120C620}.Debug|Any CPU.Build.0 = Debug|Any CPU
		{62C8E4C3-F462-48A3-8A85-68A50120C620}.Release|Any CPU.ActiveCfg = Release|Any CPU
		{62C8E4C3-F462-48A3-8A85-68A50120C620}.Release|Any CPU.Build.0 = Release|Any CPU
		{50AF20D2-9D63-49C1-A0A0-2AC619F7CB77}.Debug|Any CPU.ActiveCfg = Debug|Any CPU
		{50AF20D2-9D63-49C1-A0A0-2AC619F7CB77}.Debug|Any CPU.Build.0 = Debug|Any CPU
		{50AF20D2-9D63-49C1-A0A0-2AC619F7CB77}.Release|Any CPU.ActiveCfg = Release|Any CPU
		{50AF20D2-9D63-49C1-A0A0-2AC619F7CB77}.Release|Any CPU.Build.0 = Release|Any CPU
	EndGlobalSection
EndGlobal
